Microsoft Visual Studio Solution File, Format Version 12.00
# Visual Studio 2013
VisualStudioVersion = 12.0.40629.0
MinimumVisualStudioVersion = 10.0.40219.1
Project("{FAE04EC0-301F-11D3-BF4B-00C04F79EFBC}") = "r5asm", "r5asm\r5asm.csproj", "{A475C8FD-B76D-4ADA-85B1-C89A5DB614A3}"
EndProject
Project("{FAE04EC0-301F-11D3-BF4B-00C04F79EFBC}") = "r5sim", "r5sim\r5sim.csproj", "{00BA6471-4106-4F27-A6AF-D9B314E83BE6}"
EndProject
Global
	GlobalSection(SolutionConfigurationPlatforms) = preSolution
		Debug|Any CPU = Debug|Any CPU
		Debug|x86 = Debug|x86
		Release|Any CPU = Release|Any CPU
		Release|x86 = Release|x86
	EndGlobalSection
	GlobalSection(ProjectConfigurationPlatforms) = postSolution
		{A475C8FD-B76D-4ADA-85B1-C89A5DB614A3}.Debug|Any CPU.ActiveCfg = Debug|Any CPU
		{A475C8FD-B76D-4ADA-85B1-C89A5DB614A3}.Debug|Any CPU.Build.0 = Debug|Any CPU
		{A475C8FD-B76D-4ADA-85B1-C89A5DB614A3}.Debug|x86.ActiveCfg = Debug|x86
		{A475C8FD-B76D-4ADA-85B1-C89A5DB614A3}.Debug|x86.Build.0 = Debug|x86
		{A475C8FD-B76D-4ADA-85B1-C89A5DB614A3}.Release|Any CPU.ActiveCfg = Release|Any CPU
		{A475C8FD-B76D-4ADA-85B1-C89A5DB614A3}.Release|Any CPU.Build.0 = Release|Any CPU
		{A475C8FD-B76D-4ADA-85B1-C89A5DB614A3}.Release|x86.ActiveCfg = Release|x86
		{A475C8FD-B76D-4ADA-85B1-C89A5DB614A3}.Release|x86.Build.0 = Release|x86
		{00BA6471-4106-4F27-A6AF-D9B314E83BE6}.Debug|Any CPU.ActiveCfg = Debug|Any CPU
		{00BA6471-4106-4F27-A6AF-D9B314E83BE6}.Debug|Any CPU.Build.0 = Debug|Any CPU
		{00BA6471-4106-4F27-A6AF-D9B314E83BE6}.Debug|x86.ActiveCfg = Debug|Any CPU
		{00BA6471-4106-4F27-A6AF-D9B314E83BE6}.Release|Any CPU.ActiveCfg = Release|Any CPU
		{00BA6471-4106-4F27-A6AF-D9B314E83BE6}.Release|Any CPU.Build.0 = Release|Any CPU
		{00BA6471-4106-4F27-A6AF-D9B314E83BE6}.Release|x86.ActiveCfg = Release|Any CPU
	EndGlobalSection
	GlobalSection(SolutionProperties) = preSolution
		HideSolutionNode = FALSE
	EndGlobalSection
EndGlobal
